// !$*UTF8*$!
{
	archiveVersion = 1;
	classes = {
	};
	objectVersion = 51;
	objects = {

/* Begin PBXBuildFile section */
		24E8FC399CCF0C45A5B1105E /* Pods_FirestoreCRUDApp.framework in Frameworks */ = {isa = PBXBuildFile; fileRef = 4A80FBCEF3AC9B1F15EAE43A /* Pods_FirestoreCRUDApp.framework */; };
		AB696C5824A9260B00E9AF56 /* HomeView.swift in Sources */ = {isa = PBXBuildFile; fileRef = AB696C5724A9260B00E9AF56 /* HomeView.swift */; };
		AB696C5A24A92B5600E9AF56 /* Message.swift in Sources */ = {isa = PBXBuildFile; fileRef = AB696C5924A92B5600E9AF56 /* Message.swift */; };
		AB696C5C24A92D5500E9AF56 /* HomeViewModel.swift in Sources */ = {isa = PBXBuildFile; fileRef = AB696C5B24A92D5500E9AF56 /* HomeViewModel.swift */; };
		AB6C1C1F24A94BD600F663E1 /* ConstantKeys.swift in Sources */ = {isa = PBXBuildFile; fileRef = AB6C1C1E24A94BD600F663E1 /* ConstantKeys.swift */; };
		ABA0536524A91C9C00E39610 /* AppDelegate.swift in Sources */ = {isa = PBXBuildFile; fileRef = ABA0536424A91C9C00E39610 /* AppDelegate.swift */; };
		ABA0536724A91C9C00E39610 /* SceneDelegate.swift in Sources */ = {isa = PBXBuildFile; fileRef = ABA0536624A91C9C00E39610 /* SceneDelegate.swift */; };
		ABA0536924A91C9C00E39610 /* ContentView.swift in Sources */ = {isa = PBXBuildFile; fileRef = ABA0536824A91C9C00E39610 /* ContentView.swift */; };
		ABA0536B24A91C9E00E39610 /* Assets.xcassets in Resources */ = {isa = PBXBuildFile; fileRef = ABA0536A24A91C9E00E39610 /* Assets.xcassets */; };
		ABA0536E24A91C9E00E39610 /* Preview Assets.xcassets in Resources */ = {isa = PBXBuildFile; fileRef = ABA0536D24A91C9E00E39610 /* Preview Assets.xcassets */; };
		ABA0537124A91C9E00E39610 /* LaunchScreen.storyboard in Resources */ = {isa = PBXBuildFile; fileRef = ABA0536F24A91C9E00E39610 /* LaunchScreen.storyboard */; };
		ABA0537D24A91DDA00E39610 /* MyTools.swift in Sources */ = {isa = PBXBuildFile; fileRef = ABA0537C24A91DDA00E39610 /* MyTools.swift */; };
		ABA0537F24A91EFA00E39610 /* GoogleService-Info.plist in Resources */ = {isa = PBXBuildFile; fileRef = ABA0537E24A91EFA00E39610 /* GoogleService-Info.plist */; };
		ABABE9C724A9CCC20014DEB3 /* UpdateView.swift in Sources */ = {isa = PBXBuildFile; fileRef = ABABE9C624A9CCC20014DEB3 /* UpdateView.swift */; };
/* End PBXBuildFile section */

/* Begin PBXFileReference section */
		34A9CBC8966290BA31EB39E5 /* Pods-FirestoreCRUDApp.debug.xcconfig */ = {isa = PBXFileReference; includeInIndex = 1; lastKnownFileType = text.xcconfig; name = "Pods-FirestoreCRUDApp.debug.xcconfig"; path = "Target Support Files/Pods-FirestoreCRUDApp/Pods-FirestoreCRUDApp.debug.xcconfig"; sourceTree = "<group>"; };
		4A80FBCEF3AC9B1F15EAE43A /* Pods_FirestoreCRUDApp.framework */ = {isa = PBXFileReference; explicitFileType = wrapper.framework; includeInIndex = 0; path = Pods_FirestoreCRUDApp.framework; sourceTree = BUILT_PRODUCTS_DIR; };
		9E1266E0E4873AB96DF73A67 /* Pods-FirestoreCRUDApp.release.xcconfig */ = {isa = PBXFileReference; includeInIndex = 1; lastKnownFileType = text.xcconfig; name = "Pods-FirestoreCRUDApp.release.xcconfig"; path = "Target Support Files/Pods-FirestoreCRUDApp/Pods-FirestoreCRUDApp.release.xcconfig"; sourceTree = "<group>"; };
		AB696C5724A9260B00E9AF56 /* HomeView.swift */ = {isa = PBXFileReference; lastKnownFileType = sourcecode.swift; path = HomeView.swift; sourceTree = "<group>"; };
		AB696C5924A92B5600E9AF56 /* Message.swift */ = {isa = PBXFileReference; lastKnownFileType = sourcecode.swift; name = Message.swift; path = FirestoreCRUDApp/Views/Message.swift; sourceTree = SOURCE_ROOT; };
		AB696C5B24A92D5500E9AF56 /* HomeViewModel.swift */ = {isa = PBXFileReference; lastKnownFileType = sourcecode.swift; path = HomeViewModel.swift; sourceTree = "<group>"; };
		AB6C1C1E24A94BD600F663E1 /* ConstantKeys.swift */ = {isa = PBXFileReference; lastKnownFileType = sourcecode.swift; path = ConstantKeys.swift; sourceTree = "<group>"; };
		ABA0536124A91C9C00E39610 /* FirestoreCRUDApp.app */ = {isa = PBXFileReference; explicitFileType = wrapper.application; includeInIndex = 0; path = FirestoreCRUDApp.app; sourceTree = BUILT_PRODUCTS_DIR; };
		ABA0536424A91C9C00E39610 /* AppDelegate.swift */ = {isa = PBXFileReference; lastKnownFileType = sourcecode.swift; path = AppDelegate.swift; sourceTree = "<group>"; };
		ABA0536624A91C9C00E39610 /* SceneDelegate.swift */ = {isa = PBXFileReference; lastKnownFileType = sourcecode.swift; path = SceneDelegate.swift; sourceTree = "<group>"; };
		ABA0536824A91C9C00E39610 /* ContentView.swift */ = {isa = PBXFileReference; lastKnownFileType = sourcecode.swift; path = ContentView.swift; sourceTree = "<group>"; };
		ABA0536A24A91C9E00E39610 /* Assets.xcassets */ = {isa = PBXFileReference; lastKnownFileType = folder.assetcatalog; path = Assets.xcassets; sourceTree = "<group>"; };
		ABA0536D24A91C9E00E39610 /* Preview Assets.xcassets */ = {isa = PBXFileReference; lastKnownFileType = folder.assetcatalog; path = "Preview Assets.xcassets"; sourceTree = "<group>"; };
		ABA0537024A91C9E00E39610 /* Base */ = {isa = PBXFileReference; lastKnownFileType = file.storyboard; name = Base; path = Base.lproj/LaunchScreen.storyboard; sourceTree = "<group>"; };
		ABA0537224A91C9E00E39610 /* Info.plist */ = {isa = PBXFileReference; lastKnownFileType = text.plist.xml; path = Info.plist; sourceTree = "<group>"; };
		ABA0537C24A91DDA00E39610 /* MyTools.swift */ = {isa = PBXFileReference; lastKnownFileType = sourcecode.swift; path = MyTools.swift; sourceTree = "<group>"; };
		ABA0537E24A91EFA00E39610 /* GoogleService-Info.plist */ = {isa = PBXFileReference; fileEncoding = 4; lastKnownFileType = text.plist.xml; path = "GoogleService-Info.plist"; sourceTree = "<group>"; };
		ABABE9C624A9CCC20014DEB3 /* UpdateView.swift */ = {isa = PBXFileReference; lastKnownFileType = sourcecode.swift; path = UpdateView.swift; sourceTree = "<group>"; };
/* End PBXFileReference section */

/* Begin PBXFrameworksBuildPhase section */
		ABA0535E24A91C9C00E39610 /* Frameworks */ = {
			isa = PBXFrameworksBuildPhase;
			buildActionMask = 2147483647;
			files = (
				24E8FC399CCF0C45A5B1105E /* Pods_FirestoreCRUDApp.framework in Frameworks */,
			);
			runOnlyForDeploymentPostprocessing = 0;
		};
/* End PBXFrameworksBuildPhase section */

/* Begin PBXGroup section */
		AB696C5624A925D100E9AF56 /* ViewModels */ = {
			isa = PBXGroup;
			children = (
				AB696C5B24A92D5500E9AF56 /* HomeViewModel.swift */,
			);
			path = ViewModels;
			sourceTree = "<group>";
		};
		ABA0535824A91C9C00E39610 = {
			isa = PBXGroup;
			children = (
				ABA0536324A91C9C00E39610 /* FirestoreCRUDApp */,
				ABA0536224A91C9C00E39610 /* Products */,
				B5A87C031572C070D01412C5 /* Pods */,
				C2DF7D76AF86466C8F02D1BA /* Frameworks */,
			);
			sourceTree = "<group>";
		};
		ABA0536224A91C9C00E39610 /* Products */ = {
			isa = PBXGroup;
			children = (
				ABA0536124A91C9C00E39610 /* FirestoreCRUDApp.app */,
			);
			name = Products;
			sourceTree = "<group>";
		};
		ABA0536324A91C9C00E39610 /* FirestoreCRUDApp */ = {
			isa = PBXGroup;
			children = (
				ABA0537A24A91DC300E39610 /* Models */,
				ABA0537924A91DB700E39610 /* Views */,
				AB696C5624A925D100E9AF56 /* ViewModels */,
				ABA0537824A91DAB00E39610 /* Res */,
				ABA0537B24A91DCB00E39610 /* MyTools */,
				ABA0536C24A91C9E00E39610 /* Preview Content */,
			);
			path = FirestoreCRUDApp;
			sourceTree = "<group>";
		};
		ABA0536C24A91C9E00E39610 /* Preview Content */ = {
			isa = PBXGroup;
			children = (
				ABA0536D24A91C9E00E39610 /* Preview Assets.xcassets */,
			);
			path = "Preview Content";
			sourceTree = "<group>";
		};
		ABA0537824A91DAB00E39610 /* Res */ = {
			isa = PBXGroup;
			children = (
				ABA0536424A91C9C00E39610 /* AppDelegate.swift */,
				ABA0536624A91C9C00E39610 /* SceneDelegate.swift */,
				ABA0536A24A91C9E00E39610 /* Assets.xcassets */,
				ABA0536F24A91C9E00E39610 /* LaunchScreen.storyboard */,
				ABA0537E24A91EFA00E39610 /* GoogleService-Info.plist */,
				ABA0537224A91C9E00E39610 /* Info.plist */,
			);
			path = Res;
			sourceTree = "<group>";
		};
		ABA0537924A91DB700E39610 /* Views */ = {
			isa = PBXGroup;
			children = (
				ABA0536824A91C9C00E39610 /* ContentView.swift */,
				AB696C5724A9260B00E9AF56 /* HomeView.swift */,
				ABABE9C624A9CCC20014DEB3 /* UpdateView.swift */,
			);
			path = Views;
			sourceTree = "<group>";
		};
		ABA0537A24A91DC300E39610 /* Models */ = {
			isa = PBXGroup;
			children = (
				AB696C5924A92B5600E9AF56 /* Message.swift */,
				AB6C1C1E24A94BD600F663E1 /* ConstantKeys.swift */,
			);
			path = Models;
			sourceTree = "<group>";
		};
		ABA0537B24A91DCB00E39610 /* MyTools */ = {
			isa = PBXGroup;
			children = (
				ABA0537C24A91DDA00E39610 /* MyTools.swift */,
			);
			path = MyTools;
			sourceTree = "<group>";
		};
		B5A87C031572C070D01412C5 /* Pods */ = {
			isa = PBXGroup;
			children = (
				34A9CBC8966290BA31EB39E5 /* Pods-FirestoreCRUDApp.debug.xcconfig */,
				9E1266E0E4873AB96DF73A67 /* Pods-FirestoreCRUDApp.release.xcconfig */,
			);
			path = Pods;
			sourceTree = "<group>";
		};
		C2DF7D76AF86466C8F02D1BA /* Frameworks */ = {
			isa = PBXGroup;
			children = (
				4A80FBCEF3AC9B1F15EAE43A /* Pods_FirestoreCRUDApp.framework */,
			);
			name = Frameworks;
			sourceTree = "<group>";
		};
/* End PBXGroup section */

/* Begin PBXNativeTarget section */
		ABA0536024A91C9C00E39610 /* FirestoreCRUDApp */ = {
			isa = PBXNativeTarget;
			buildConfigurationList = ABA0537524A91C9E00E39610 /* Build configuration list for PBXNativeTarget "FirestoreCRUDApp" */;
			buildPhases = (
				A117A0640F695D1C2615A184 /* [CP] Check Pods Manifest.lock */,
				ABA0535D24A91C9C00E39610 /* Sources */,
				ABA0535E24A91C9C00E39610 /* Frameworks */,
				ABA0535F24A91C9C00E39610 /* Resources */,
				34DB876215E373235A51A4FF /* [CP] Embed Pods Frameworks */,
			);
			buildRules = (
			);
			dependencies = (
			);
			name = FirestoreCRUDApp;
			productName = FirestoreCRUDApp;
			productReference = ABA0536124A91C9C00E39610 /* FirestoreCRUDApp.app */;
			productType = "com.apple.product-type.application";
		};
/* End PBXNativeTarget section */

/* Begin PBXProject section */
		ABA0535924A91C9C00E39610 /* Project object */ = {
			isa = PBXProject;
			attributes = {
				LastSwiftUpdateCheck = 1160;
				LastUpgradeCheck = 1160;
				ORGANIZATIONNAME = "Alias The Great";
				TargetAttributes = {
					ABA0536024A91C9C00E39610 = {
						CreatedOnToolsVersion = 11.6;
					};
				};
			};
			buildConfigurationList = ABA0535C24A91C9C00E39610 /* Build configuration list for PBXProject "FirestoreCRUDApp" */;
			compatibilityVersion = "Xcode 9.3";
			developmentRegion = en;
			hasScannedForEncodings = 0;
			knownRegions = (
				en,
				Base,
			);
			mainGroup = ABA0535824A91C9C00E39610;
			productRefGroup = ABA0536224A91C9C00E39610 /* Products */;
			projectDirPath = "";
			projectRoot = "";
			targets = (
				ABA0536024A91C9C00E39610 /* FirestoreCRUDApp */,
			);
		};
/* End PBXProject section */

/* Begin PBXResourcesBuildPhase section */
		ABA0535F24A91C9C00E39610 /* Resources */ = {
			isa = PBXResourcesBuildPhase;
			buildActionMask = 2147483647;
			files = (
				ABA0537124A91C9E00E39610 /* LaunchScreen.storyboard in Resources */,
				ABA0537F24A91EFA00E39610 /* GoogleService-Info.plist in Resources */,
				ABA0536E24A91C9E00E39610 /* Preview Assets.xcassets in Resources */,
				ABA0536B24A91C9E00E39610 /* Assets.xcassets in Resources */,
			);
			runOnlyForDeploymentPostprocessing = 0;
		};
/* End PBXResourcesBuildPhase section */

/* Begin PBXShellScriptBuildPhase section */
		34DB876215E373235A51A4FF /* [CP] Embed Pods Frameworks */ = {
			isa = PBXShellScriptBuildPhase;
			buildActionMask = 2147483647;
			files = (
			);
			inputFileListPaths = (
				"${PODS_ROOT}/Target Support Files/Pods-FirestoreCRUDApp/Pods-FirestoreCRUDApp-frameworks-${CONFIGURATION}-input-files.xcfilelist",
			);
			name = "[CP] Embed Pods Frameworks";
			outputFileListPaths = (
				"${PODS_ROOT}/Target Support Files/Pods-FirestoreCRUDApp/Pods-FirestoreCRUDApp-frameworks-${CONFIGURATION}-output-files.xcfilelist",
			);
			runOnlyForDeploymentPostprocessing = 0;
			shellPath = /bin/sh;
			shellScript = "\"${PODS_ROOT}/Target Support Files/Pods-FirestoreCRUDApp/Pods-FirestoreCRUDApp-frameworks.sh\"\n";
			showEnvVarsInLog = 0;
		};
		A117A0640F695D1C2615A184 /* [CP] Check Pods Manifest.lock */ = {
			isa = PBXShellScriptBuildPhase;
			buildActionMask = 2147483647;
			files = (
			);
			inputFileListPaths = (
			);
			inputPaths = (
				"${PODS_PODFILE_DIR_PATH}/Podfile.lock",
				"${PODS_ROOT}/Manifest.lock",
			);
			name = "[CP] Check Pods Manifest.lock";
			outputFileListPaths = (
			);
			outputPaths = (
				"$(DERIVED_FILE_DIR)/Pods-FirestoreCRUDApp-checkManifestLockResult.txt",
			);
			runOnlyForDeploymentPostprocessing = 0;
			shellPath = /bin/sh;
			shellScript = "diff \"${PODS_PODFILE_DIR_PATH}/Podfile.lock\" \"${PODS_ROOT}/Manifest.lock\" > /dev/null\nif [ $? != 0 ] ; then\n    # print error to STDERR\n    echo \"error: The sandbox is not in sync with the Podfile.lock. Run 'pod install' or update your CocoaPods installation.\" >&2\n    exit 1\nfi\n# This output is used by Xcode 'outputs' to avoid re-running this script phase.\necho \"SUCCESS\" > \"${SCRIPT_OUTPUT_FILE_0}\"\n";
			showEnvVarsInLog = 0;
		};
/* End PBXShellScriptBuildPhase section */

/* Begin PBXSourcesBuildPhase section */
		ABA0535D24A91C9C00E39610 /* Sources */ = {
			isa = PBXSourcesBuildPhase;
			buildActionMask = 2147483647;
			files = (
				ABA0536524A91C9C00E39610 /* AppDelegate.swift in Sources */,
				AB696C5A24A92B5600E9AF56 /* Message.swift in Sources */,
				AB696C5C24A92D5500E9AF56 /* HomeViewModel.swift in Sources */,
				AB6C1C1F24A94BD600F663E1 /* ConstantKeys.swift in Sources */,
				ABA0536724A91C9C00E39610 /* SceneDelegate.swift in Sources */,
				ABA0536924A91C9C00E39610 /* ContentView.swift in Sources */,
				AB696C5824A9260B00E9AF56 /* HomeView.swift in Sources */,
				ABABE9C724A9CCC20014DEB3 /* UpdateView.swift in Sources */,
				ABA0537D24A91DDA00E39610 /* MyTools.swift in Sources */,
			);
			runOnlyForDeploymentPostprocessing = 0;
		};
/* End PBXSourcesBuildPhase section */

/* Begin PBXVariantGroup section */
		ABA0536F24A91C9E00E39610 /* LaunchScreen.storyboard */ = {
			isa = PBXVariantGroup;
			children = (
				ABA0537024A91C9E00E39610 /* Base */,
			);
			name = LaunchScreen.storyboard;
			sourceTree = "<group>";
		};
/* End PBXVariantGroup section */

/* Begin XCBuildConfiguration section */
		ABA0537324A91C9E00E39610 /* Debug */ = {
			isa = XCBuildConfiguration;
			buildSettings = {
				ALWAYS_SEARCH_USER_PATHS = NO;
				CLANG_ANALYZER_NONNULL = YES;
				CLANG_ANALYZER_NUMBER_OBJECT_CONVERSION = YES_AGGRESSIVE;
				CLANG_CXX_LANGUAGE_STANDARD = "gnu++14";
				CLANG_CXX_LIBRARY = "libc++";
				CLANG_ENABLE_MODULES = YES;
				CLANG_ENABLE_OBJC_ARC = YES;
				CLANG_ENABLE_OBJC_WEAK = YES;
				CLANG_WARN_BLOCK_CAPTURE_AUTORELEASING = YES;
				CLANG_WARN_BOOL_CONVERSION = YES;
				CLANG_WARN_COMMA = YES;
				CLANG_WARN_CONSTANT_CONVERSION = YES;
				CLANG_WARN_DEPRECATED_OBJC_IMPLEMENTATIONS = YES;
				CLANG_WARN_DIRECT_OBJC_ISA_USAGE = YES_ERROR;
				CLANG_WARN_DOCUMENTATION_COMMENTS = YES;
				CLANG_WARN_EMPTY_BODY = YES;
				CLANG_WARN_ENUM_CONVERSION = YES;
				CLANG_WARN_INFINITE_RECURSION = YES;
				CLANG_WARN_INT_CONVERSION = YES;
				CLANG_WARN_NON_LITERAL_NULL_CONVERSION = YES;
				CLANG_WARN_OBJC_IMPLICIT_RETAIN_SELF = YES;
				CLANG_WARN_OBJC_LITERAL_CONVERSION = YES;
				CLANG_WARN_OBJC_ROOT_CLASS = YES_ERROR;
				CLANG_WARN_RANGE_LOOP_ANALYSIS = YES;
				CLANG_WARN_STRICT_PROTOTYPES = YES;
				CLANG_WARN_SUSPICIOUS_MOVE = YES;
				CLANG_WARN_UNGUARDED_AVAILABILITY = YES_AGGRESSIVE;
				CLANG_WARN_UNREACHABLE_CODE = YES;
				CLANG_WARN__DUPLICATE_METHOD_MATCH = YES;
				COPY_PHASE_STRIP = NO;
				DEBUG_INFORMATION_FORMAT = dwarf;
				ENABLE_STRICT_OBJC_MSGSEND = YES;
				ENABLE_TESTABILITY = YES;
				GCC_C_LANGUAGE_STANDARD = gnu11;
				GCC_DYNAMIC_NO_PIC = NO;
				GCC_NO_COMMON_BLOCKS = YES;
				GCC_OPTIMIZATION_LEVEL = 0;
				GCC_PREPROCESSOR_DEFINITIONS = (
					"DEBUG=1",
					"$(inherited)",
				);
				GCC_WARN_64_TO_32_BIT_CONVERSION = YES;
				GCC_WARN_ABOUT_RETURN_TYPE = YES_ERROR;
				GCC_WARN_UNDECLARED_SELECTOR = YES;
				GCC_WARN_UNINITIALIZED_AUTOS = YES_AGGRESSIVE;
				GCC_WARN_UNUSED_FUNCTION = YES;
				GCC_WARN_UNUSED_VARIABLE = YES;
				IPHONEOS_DEPLOYMENT_TARGET = 13.6;
				MTL_ENABLE_DEBUG_INFO = INCLUDE_SOURCE;
				MTL_FAST_MATH = YES;
				ONLY_ACTIVE_ARCH = YES;
				SDKROOT = iphoneos;
				SWIFT_ACTIVE_COMPILATION_CONDITIONS = DEBUG;
				SWIFT_OPTIMIZATION_LEVEL = "-Onone";
			};
			name = Debug;
		};
		ABA0537424A91C9E00E39610 /* Release */ = {
			isa = XCBuildConfiguration;
			buildSettings = {
				ALWAYS_SEARCH_USER_PATHS = NO;
				CLANG_ANALYZER_NONNULL = YES;
				CLANG_ANALYZER_NUMBER_OBJECT_CONVERSION = YES_AGGRESSIVE;
				CLANG_CXX_LANGUAGE_STANDARD = "gnu++14";
				CLANG_CXX_LIBRARY = "libc++";
				CLANG_ENABLE_MODULES = YES;
				CLANG_ENABLE_OBJC_ARC = YES;
				CLANG_ENABLE_OBJC_WEAK = YES;
				CLANG_WARN_BLOCK_CAPTURE_AUTORELEASING = YES;
				CLANG_WARN_BOOL_CONVERSION = YES;
				CLANG_WARN_COMMA = YES;
				CLANG_WARN_CONSTANT_CONVERSION = YES;
				CLANG_WARN_DEPRECATED_OBJC_IMPLEMENTATIONS = YES;
				CLANG_WARN_DIRECT_OBJC_ISA_USAGE = YES_ERROR;
				CLANG_WARN_DOCUMENTATION_COMMENTS = YES;
				CLANG_WARN_EMPTY_BODY = YES;
				CLANG_WARN_ENUM_CONVERSION = YES;
				CLANG_WARN_INFINITE_RECURSION = YES;
				CLANG_WARN_INT_CONVERSION = YES;
				CLANG_WARN_NON_LITERAL_NULL_CONVERSION = YES;
				CLANG_WARN_OBJC_IMPLICIT_RETAIN_SELF = YES;
				CLANG_WARN_OBJC_LITERAL_CONVERSION = YES;
				CLANG_WARN_OBJC_ROOT_CLASS = YES_ERROR;
				CLANG_WARN_RANGE_LOOP_ANALYSIS = YES;
				CLANG_WARN_STRICT_PROTOTYPES = YES;
				CLANG_WARN_SUSPICIOUS_MOVE = YES;
				CLANG_WARN_UNGUARDED_AVAILABILITY = YES_AGGRESSIVE;
				CLANG_WARN_UNREACHABLE_CODE = YES;
				CLANG_WARN__DUPLICATE_METHOD_MATCH = YES;
				COPY_PHASE_STRIP = NO;
				DEBUG_INFORMATION_FORMAT = "dwarf-with-dsym";
				ENABLE_NS_ASSERTIONS = NO;
				ENABLE_STRICT_OBJC_MSGSEND = YES;
				GCC_C_LANGUAGE_STANDARD = gnu11;
				GCC_NO_COMMON_BLOCKS = YES;
				GCC_WARN_64_TO_32_BIT_CONVERSION = YES;
				GCC_WARN_ABOUT_RETURN_TYPE = YES_ERROR;
				GCC_WARN_UNDECLARED_SELECTOR = YES;
				GCC_WARN_UNINITIALIZED_AUTOS = YES_AGGRESSIVE;
				GCC_WARN_UNUSED_FUNCTION = YES;
				GCC_WARN_UNUSED_VARIABLE = YES;
				IPHONEOS_DEPLOYMENT_TARGET = 13.6;
				MTL_ENABLE_DEBUG_INFO = NO;
				MTL_FAST_MATH = YES;
				SDKROOT = iphoneos;
				SWIFT_COMPILATION_MODE = wholemodule;
				SWIFT_OPTIMIZATION_LEVEL = "-O";
				VALIDATE_PRODUCT = YES;
			};
			name = Release;
		};
		ABA0537624A91C9E00E39610 /* Debug */ = {
			isa = XCBuildConfiguration;
			baseConfigurationReference = 34A9CBC8966290BA31EB39E5 /* Pods-FirestoreCRUDApp.debug.xcconfig */;
			buildSettings = {
				ASSETCATALOG_COMPILER_APPICON_NAME = AppIcon;
				CODE_SIGN_STYLE = Automatic;
				DEVELOPMENT_ASSET_PATHS = "\"FirestoreCRUDApp/Preview Content\"";
				DEVELOPMENT_TEAM = 8R94WS9HFC;
				ENABLE_PREVIEWS = YES;
				INFOPLIST_FILE = FirestoreCRUDApp/Res/Info.plist;
				IPHONEOS_DEPLOYMENT_TARGET = 13.5;
				LD_RUNPATH_SEARCH_PATHS = (
					"$(inherited)",
					"@executable_path/Frameworks",
				);
				PRODUCT_BUNDLE_IDENTIFIER = com.alias111.FirestoreCRUDApp;
				PRODUCT_NAME = "$(TARGET_NAME)";
				SWIFT_VERSION = 5.0;
				TARGETED_DEVICE_FAMILY = "1,2";
			};
			name = Debug;
		};
		ABA0537724A91C9E00E39610 /* Release */ = {
			isa = XCBuildConfiguration;
			baseConfigurationReference = 9E1266E0E4873AB96DF73A67 /* Pods-FirestoreCRUDApp.release.xcconfig */;
			buildSettings = {
				ASSETCATALOG_COMPILER_APPICON_NAME = AppIcon;
				CODE_SIGN_STYLE = Automatic;
				DEVELOPMENT_ASSET_PATHS = "\"FirestoreCRUDApp/Preview Content\"";
				DEVELOPMENT_TEAM = 8R94WS9HFC;
				ENABLE_PREVIEWS = YES;
				INFOPLIST_FILE = FirestoreCRUDApp/Res/Info.plist;
				IPHONEOS_DEPLOYMENT_TARGET = 13.5;
				LD_RUNPATH_SEARCH_PATHS = (
					"$(inherited)",
					"@executable_path/Frameworks",
				);
				PRODUCT_BUNDLE_IDENTIFIER = com.alias111.FirestoreCRUDApp;
				PRODUCT_NAME = "$(TARGET_NAME)";
				SWIFT_VERSION = 5.0;
				TARGETED_DEVICE_FAMILY = "1,2";
			};
			name = Release;
		};
/* End XCBuildConfiguration section */

/* Begin XCConfigurationList section */
		ABA0535C24A91C9C00E39610 /* Build configuration list for PBXProject "FirestoreCRUDApp" */ = {
			isa = XCConfigurationList;
			buildConfigurations = (
				ABA0537324A91C9E00E39610 /* Debug */,
				ABA0537424A91C9E00E39610 /* Release */,
			);
			defaultConfigurationIsVisible = 0;
			defaultConfigurationName = Release;
		};
		ABA0537524A91C9E00E39610 /* Build configuration list for PBXNativeTarget "FirestoreCRUDApp" */ = {
			isa = XCConfigurationList;
			buildConfigurations = (
				ABA0537624A91C9E00E39610 /* Debug */,
				ABA0537724A91C9E00E39610 /* Release */,
			);
			defaultConfigurationIsVisible = 0;
			defaultConfigurationName = Release;
		};
/* End XCConfigurationList section */
	};
	rootObject = ABA0535924A91C9C00E39610 /* Project object */;
}
